
Microsoft Visual Studio Solution File, Format Version 12.00
# Visual Studio Version 17
VisualStudioVersion = 17.11.35303.130
MinimumVisualStudioVersion = 10.0.40219.1
Project("{2150E333-8FDC-42A3-9474-1A3956D46DE8}") = "XA.UMicro", "XA.UMicro", "{D9F2573E-6AAD-4CEB-8B5D-7AB1AC7B1FCE}"
EndProject
Project("{2150E333-8FDC-42A3-9474-1A3956D46DE8}") = "A.Domain", "A.Domain", "{8A8764C5-739F-489C-A8CE-133231E28BBA}"
EndProject
Project("{2150E333-8FDC-42A3-9474-1A3956D46DE8}") = "B.Core", "B.Core", "{DE21D267-3A35-458C-B35C-016C7886EF87}"
EndProject
Project("{2150E333-8FDC-42A3-9474-1A3956D46DE8}") = "C.Persistence", "C.Persistence", "{5D3329C5-24E2-4E61-ADCC-7BCD001EBE23}"
EndProject
Project("{2150E333-8FDC-42A3-9474-1A3956D46DE8}") = "D.Api", "D.Api", "{124EB620-C46B-4493-AD9A-4966ADFBEB6C}"
EndProject
Project("{FAE04EC0-301F-11D3-BF4B-00C04F79EFBC}") = "UMicro.Domain", "UMicro.Domain\UMicro.Domain.csproj", "{4B49E44D-5F57-42DA-B89E-746242CD6355}"
EndProject
Project("{FAE04EC0-301F-11D3-BF4B-00C04F79EFBC}") = "UMicro.Core", "UMicro.Core\UMicro.Core.csproj", "{B2D2A9B4-92AB-4D2C-A91C-7C0D87761A12}"
EndProject
Project("{FAE04EC0-301F-11D3-BF4B-00C04F79EFBC}") = "UMicro.Persistence", "UMicro.Persistence\UMicro.Persistence.csproj", "{3E01902F-0EDE-4E1F-A573-3F7F7AA60427}"
EndProject
Project("{FAE04EC0-301F-11D3-BF4B-00C04F79EFBC}") = "UMicro.Api", "UMicro.Api\UMicro.Api.csproj", "{6D4A9F82-BFFB-41E8-B445-AB161099E4A3}"
EndProject
Global
	GlobalSection(SolutionConfigurationPlatforms) = preSolution
		Debug|Any CPU = Debug|Any CPU
		Release|Any CPU = Release|Any CPU
	EndGlobalSection
	GlobalSection(ProjectConfigurationPlatforms) = postSolution
		{4B49E44D-5F57-42DA-B89E-746242CD6355}.Debug|Any CPU.ActiveCfg = Debug|Any CPU
		{4B49E44D-5F57-42DA-B89E-746242CD6355}.Debug|Any CPU.Build.0 = Debug|Any CPU
		{4B49E44D-5F57-42DA-B89E-746242CD6355}.Release|Any CPU.ActiveCfg = Release|Any CPU
		{4B49E44D-5F57-42DA-B89E-746242CD6355}.Release|Any CPU.Build.0 = Release|Any CPU
		{B2D2A9B4-92AB-4D2C-A91C-7C0D87761A12}.Debug|Any CPU.ActiveCfg = Debug|Any CPU
		{B2D2A9B4-92AB-4D2C-A91C-7C0D87761A12}.Debug|Any CPU.Build.0 = Debug|Any CPU
		{B2D2A9B4-92AB-4D2C-A91C-7C0D87761A12}.Release|Any CPU.ActiveCfg = Release|Any CPU
		{B2D2A9B4-92AB-4D2C-A91C-7C0D87761A12}.Release|Any CPU.Build.0 = Release|Any CPU
		{3E01902F-0EDE-4E1F-A573-3F7F7AA60427}.Debug|Any CPU.ActiveCfg = Debug|Any CPU
		{3E01902F-0EDE-4E1F-A573-3F7F7AA60427}.Debug|Any CPU.Build.0 = Debug|Any CPU
		{3E01902F-0EDE-4E1F-A573-3F7F7AA60427}.Release|Any CPU.ActiveCfg = Release|Any CPU
		{3E01902F-0EDE-4E1F-A573-3F7F7AA60427}.Release|Any CPU.Build.0 = Release|Any CPU
		{6D4A9F82-BFFB-41E8-B445-AB161099E4A3}.Debug|Any CPU.ActiveCfg = Debug|Any CPU
		{6D4A9F82-BFFB-41E8-B445-AB161099E4A3}.Debug|Any CPU.Build.0 = Debug|Any CPU
		{6D4A9F82-BFFB-41E8-B445-AB161099E4A3}.Release|Any CPU.ActiveCfg = Release|Any CPU
		{6D4A9F82-BFFB-41E8-B445-AB161099E4A3}.Release|Any CPU.Build.0 = Release|Any CPU
	EndGlobalSection
	GlobalSection(SolutionProperties) = preSolution
		HideSolutionNode = FALSE
	EndGlobalSection
	GlobalSection(NestedProjects) = preSolution
		{8A8764C5-739F-489C-A8CE-133231E28BBA} = {D9F2573E-6AAD-4CEB-8B5D-7AB1AC7B1FCE}
		{DE21D267-3A35-458C-B35C-016C7886EF87} = {D9F2573E-6AAD-4CEB-8B5D-7AB1AC7B1FCE}
		{5D3329C5-24E2-4E61-ADCC-7BCD001EBE23} = {D9F2573E-6AAD-4CEB-8B5D-7AB1AC7B1FCE}
		{124EB620-C46B-4493-AD9A-4966ADFBEB6C} = {D9F2573E-6AAD-4CEB-8B5D-7AB1AC7B1FCE}
		{4B49E44D-5F57-42DA-B89E-746242CD6355} = {8A8764C5-739F-489C-A8CE-133231E28BBA}
		{B2D2A9B4-92AB-4D2C-A91C-7C0D87761A12} = {DE21D267-3A35-458C-B35C-016C7886EF87}
		{3E01902F-0EDE-4E1F-A573-3F7F7AA60427} = {5D3329C5-24E2-4E61-ADCC-7BCD001EBE23}
		{6D4A9F82-BFFB-41E8-B445-AB161099E4A3} = {124EB620-C46B-4493-AD9A-4966ADFBEB6C}
	EndGlobalSection
	GlobalSection(ExtensibilityGlobals) = postSolution
		SolutionGuid = {B1B74D7A-034F-4A0A-A498-8DB84E5D8FA3}
	EndGlobalSection
EndGlobal
